lockfileVersion: '9.0'

settings:
  autoInstallPeers: true
  excludeLinksFromLockfile: false

importers:

  .:
    dependencies:
      '@ai-sdk/openai':
        specifier: ^2.0.9
        version: 2.0.9(zod@4.0.17)
      ai:
        specifier: ^5.0.9
        version: 5.0.9(zod@4.0.17)
      zod:
        specifier: ^4.0.17
        version: 4.0.17
    devDependencies:
      '@types/node':
        specifier: ^24.2.1
        version: 24.2.1

packages:

  '@ai-sdk/gateway@1.0.4':
    resolution: {integrity: sha512-1roLdgMbFU3Nr4MC97/te7w6OqxsWBkDUkpbCcvxF3jz/ku91WVaJldn/PKU8feMKNyI5W9wnqhbjb1BqbExOQ==}
    engines: {node: '>=18'}
    peerDependencies:
      zod: ^3.25.76 || ^4

  '@ai-sdk/openai@2.0.9':
    resolution: {integrity: sha512-KLWQ4LWPgKH7V3KtbZ4n8pKkTyuujj+qLwphU5fg6d2WP86OQRJGMTi11UqALZ5LTABUVp3qH62CGGXzjnJV3w==}
    engines: {node: '>=18'}
    peerDependencies:
      zod: ^3.25.76 || ^4

  '@ai-sdk/provider-utils@3.0.1':
    resolution: {integrity: sha512-/iP1sKc6UdJgGH98OCly7sWJKv+J9G47PnTjIj40IJMUQKwDrUMyf7zOOfRtPwSuNifYhSoJQ4s1WltI65gJ/g==}
    engines: {node: '>=18'}
    peerDependencies:
      zod: ^3.25.76 || ^4

  '@ai-sdk/provider@2.0.0':
    resolution: {integrity: sha512-6o7Y2SeO9vFKB8lArHXehNuusnpddKPk7xqL7T2/b+OvXMRIXUO1rR4wcv1hAFUAT9avGZshty3Wlua/XA7TvA==}
    engines: {node: '>=18'}

  '@opentelemetry/api@1.9.0':
    resolution: {integrity: sha512-3giAOQvZiH5F9bMlMiv8+GSPMeqg0dbaeo58/0SlA9sxSqZhnUtxzX9/2FzyhS9sWQf5S0GJE0AKBrFqjpeYcg==}
    engines: {node: '>=8.0.0'}

  '@standard-schema/spec@1.0.0':
    resolution: {integrity: sha512-m2bOd0f2RT9k8QJx1JN85cZYyH1RqFBdlwtkSlf4tBDYLCiiZnv1fIIwacK6cqwXavOydf0NPToMQgpKq+dVlA==}

  '@types/node@24.2.1':
    resolution: {integrity: sha512-DRh5K+ka5eJic8CjH7td8QpYEV6Zo10gfRkjHCO3weqZHWDtAaSTFtl4+VMqOJ4N5jcuhZ9/l+yy8rVgw7BQeQ==}

  ai@5.0.9:
    resolution: {integrity: sha512-l7YdzsCTId7CDNNQ+roC0m4uDMmVIO9NpDC3bI2RxNDss3XpGIvsbHq7bT+IZzMYIqGbHK17HI0eiOOvtwzN6Q==}
    engines: {node: '>=18'}
    peerDependencies:
      zod: ^3.25.76 || ^4

  eventsource-parser@3.0.3:
    resolution: {integrity: sha512-nVpZkTMM9rF6AQ9gPJpFsNAMt48wIzB5TQgiTLdHiuO8XEDhUgZEhqKlZWXbIzo9VmJ/HvysHqEaVeD5v9TPvA==}
    engines: {node: '>=20.0.0'}

  json-schema@0.4.0:
    resolution: {integrity: sha512-es94M3nTIfsEPisRafak+HDLfHXnKBhV3vU5eqPcS3flIWqcxJWgXHXiey3YrpaNsanY5ei1VoYEbOzijuq9BA==}

  undici-types@7.10.0:
    resolution: {integrity: sha512-t5Fy/nfn+14LuOc2KNYg75vZqClpAiqscVvMygNnlsHBFpSXdJaYtXMcdNLpl/Qvc3P2cB3s6lOV51nqsFq4ag==}

  zod-to-json-schema@3.24.6:
    resolution: {integrity: sha512-h/z3PKvcTcTetyjl1fkj79MHNEjm+HpD6NXheWjzOekY7kV+lwDYnHw+ivHkijnCSMz1yJaWBD9vu/Fcmk+vEg==}
    peerDependencies:
      zod: ^3.24.1

  zod@4.0.17:
    resolution: {integrity: sha512-1PHjlYRevNxxdy2JZ8JcNAw7rX8V9P1AKkP+x/xZfxB0K5FYfuV+Ug6P/6NVSR2jHQ+FzDDoDHS04nYUsOIyLQ==}

snapshots:

  '@ai-sdk/gateway@1.0.4(zod@4.0.17)':
    dependencies:
      '@ai-sdk/provider': 2.0.0
      '@ai-sdk/provider-utils': 3.0.1(zod@4.0.17)
      zod: 4.0.17

  '@ai-sdk/openai@2.0.9(zod@4.0.17)':
    dependencies:
      '@ai-sdk/provider': 2.0.0
      '@ai-sdk/provider-utils': 3.0.1(zod@4.0.17)
      zod: 4.0.17

  '@ai-sdk/provider-utils@3.0.1(zod@4.0.17)':
    dependencies:
      '@ai-sdk/provider': 2.0.0
      '@standard-schema/spec': 1.0.0
      eventsource-parser: 3.0.3
      zod: 4.0.17
      zod-to-json-schema: 3.24.6(zod@4.0.17)

  '@ai-sdk/provider@2.0.0':
    dependencies:
      json-schema: 0.4.0

  '@opentelemetry/api@1.9.0': {}

  '@standard-schema/spec@1.0.0': {}

  '@types/node@24.2.1':
    dependencies:
      undici-types: 7.10.0

  ai@5.0.9(zod@4.0.17):
    dependencies:
      '@ai-sdk/gateway': 1.0.4(zod@4.0.17)
      '@ai-sdk/provider': 2.0.0
      '@ai-sdk/provider-utils': 3.0.1(zod@4.0.17)
      '@opentelemetry/api': 1.9.0
      zod: 4.0.17

  eventsource-parser@3.0.3: {}

  json-schema@0.4.0: {}

  undici-types@7.10.0: {}

  zod-to-json-schema@3.24.6(zod@4.0.17):
    dependencies:
      zod: 4.0.17

  zod@4.0.17: {}
